
Microsoft Visual Studio Solution File, Format Version 12.00
Project("{FAE04EC0-301F-11D3-BF4B-00C04F79EFBC}") = "Api", "src\Api\Api.csproj", "{CBAFC0F9-5B69-AE5B-776E-B650E010DF04}"
EndProject
Project("{FAE04EC0-301F-11D3-BF4B-00C04F79EFBC}") = "Benchmarks", "test\Benchmarks\Benchmarks.csproj", "{0E3D3750-701A-D45F-F3D0-E5F5248FB5DA}"
EndProject
Project("{FAE04EC0-301F-11D3-BF4B-00C04F79EFBC}") = "Core", "src\Core\Core.csproj", "{4114E4DC-A6BD-9F5D-EC82-1C3B16F50727}"
EndProject
Project("{FAE04EC0-301F-11D3-BF4B-00C04F79EFBC}") = "Model", "src\Model\Model.csproj", "{BCDF7FFC-74BF-FEC7-0F78-DFDB10644A84}"
EndProject
Project("{FAE04EC0-301F-11D3-BF4B-00C04F79EFBC}") = "Server", "src\Server\Server.csproj", "{EC4D29DC-8E40-6F44-E7DE-F2F888B3F998}"
EndProject
Project("{FAE04EC0-301F-11D3-BF4B-00C04F79EFBC}") = "Core.Tests", "test\Core.Tests\Core.Tests.csproj", "{941945D6-9CC8-17FC-01B5-D870B736F3EA}"
EndProject
Global
	GlobalSection(SolutionConfigurationPlatforms) = preSolution
		Debug|Any CPU = Debug|Any CPU
		Release|Any CPU = Release|Any CPU
	EndGlobalSection
	GlobalSection(ProjectConfigurationPlatforms) = postSolution
		{CBAFC0F9-5B69-AE5B-776E-B650E010DF04}.Debug|Any CPU.ActiveCfg = Debug|Any CPU
		{CBAFC0F9-5B69-AE5B-776E-B650E010DF04}.Debug|Any CPU.Build.0 = Debug|Any CPU
		{CBAFC0F9-5B69-AE5B-776E-B650E010DF04}.Release|Any CPU.ActiveCfg = Release|Any CPU
		{CBAFC0F9-5B69-AE5B-776E-B650E010DF04}.Release|Any CPU.Build.0 = Release|Any CPU
		{0E3D3750-701A-D45F-F3D0-E5F5248FB5DA}.Debug|Any CPU.ActiveCfg = Debug|Any CPU
		{0E3D3750-701A-D45F-F3D0-E5F5248FB5DA}.Debug|Any CPU.Build.0 = Debug|Any CPU
		{0E3D3750-701A-D45F-F3D0-E5F5248FB5DA}.Release|Any CPU.ActiveCfg = Release|Any CPU
		{0E3D3750-701A-D45F-F3D0-E5F5248FB5DA}.Release|Any CPU.Build.0 = Release|Any CPU
		{4114E4DC-A6BD-9F5D-EC82-1C3B16F50727}.Debug|Any CPU.ActiveCfg = Debug|Any CPU
		{4114E4DC-A6BD-9F5D-EC82-1C3B16F50727}.Debug|Any CPU.Build.0 = Debug|Any CPU
		{4114E4DC-A6BD-9F5D-EC82-1C3B16F50727}.Release|Any CPU.ActiveCfg = Release|Any CPU
		{4114E4DC-A6BD-9F5D-EC82-1C3B16F50727}.Release|Any CPU.Build.0 = Release|Any CPU
		{BCDF7FFC-74BF-FEC7-0F78-DFDB10644A84}.Debug|Any CPU.ActiveCfg = Debug|Any CPU
		{BCDF7FFC-74BF-FEC7-0F78-DFDB10644A84}.Debug|Any CPU.Build.0 = Debug|Any CPU
		{BCDF7FFC-74BF-FEC7-0F78-DFDB10644A84}.Release|Any CPU.ActiveCfg = Release|Any CPU
		{BCDF7FFC-74BF-FEC7-0F78-DFDB10644A84}.Release|Any CPU.Build.0 = Release|Any CPU
		{EC4D29DC-8E40-6F44-E7DE-F2F888B3F998}.Debug|Any CPU.ActiveCfg = Debug|Any CPU
		{EC4D29DC-8E40-6F44-E7DE-F2F888B3F998}.Debug|Any CPU.Build.0 = Debug|Any CPU
		{EC4D29DC-8E40-6F44-E7DE-F2F888B3F998}.Release|Any CPU.ActiveCfg = Release|Any CPU
		{EC4D29DC-8E40-6F44-E7DE-F2F888B3F998}.Release|Any CPU.Build.0 = Release|Any CPU
		{941945D6-9CC8-17FC-01B5-D870B736F3EA}.Debug|Any CPU.ActiveCfg = Debug|Any CPU
		{941945D6-9CC8-17FC-01B5-D870B736F3EA}.Debug|Any CPU.Build.0 = Debug|Any CPU
		{941945D6-9CC8-17FC-01B5-D870B736F3EA}.Release|Any CPU.ActiveCfg = Release|Any CPU
		{941945D6-9CC8-17FC-01B5-D870B736F3EA}.Release|Any CPU.Build.0 = Release|Any CPU
	EndGlobalSection
EndGlobal
